
Microsoft Visual Studio Solution File, Format Version 12.00
# Visual Studio Version 17
VisualStudioVersion = 17.13.35818.85 d17.13
MinimumVisualStudioVersion = 10.0.40219.1
Project("{FAE04EC0-301F-11D3-BF4B-00C04F79EFBC}") = "FabPackager", "FabPackager.csproj", "{95C116F6-DAC4-43EC-AD9B-AB961461FDC4}"
EndProject
Global
	GlobalSection(SolutionConfigurationPlatforms) = preSolution
		Debug|Any CPU = Debug|Any CPU
		Release|Any CPU = Release|Any CPU
	EndGlobalSection
	GlobalSection(ProjectConfigurationPlatforms) = postSolution
		{95C116F6-DAC4-43EC-AD9B-AB961461FDC4}.Debug|Any CPU.ActiveCfg = Debug|Any CPU
		{95C116F6-DAC4-43EC-AD9B-AB961461FDC4}.Debug|Any CPU.Build.0 = Debug|Any CPU
		{95C116F6-DAC4-43EC-AD9B-AB961461FDC4}.Release|Any CPU.ActiveCfg = Release|Any CPU
		{95C116F6-DAC4-43EC-AD9B-AB961461FDC4}.Release|Any CPU.Build.0 = Release|Any CPU
	EndGlobalSection
	GlobalSection(SolutionProperties) = preSolution
		HideSolutionNode = FALSE
	EndGlobalSection
	GlobalSection(ExtensibilityGlobals) = postSolution
		SolutionGuid = {23F82385-D9D2-4273-88C2-FBE1082C73A0}
	EndGlobalSection
EndGlobal
